
Microsoft Visual Studio Solution File, Format Version 12.00
# Visual Studio Version 16
VisualStudioVersion = 16.0.31025.194
MinimumVisualStudioVersion = 10.0.40219.1
Project("{FAE04EC0-301F-11D3-BF4B-00C04F79EFBC}") = "GuessingGame2", "GuessingGame2\GuessingGame2.csproj", "{7829BAC4-FB84-4BC9-9A2A-6CBD525EC1C0}"
EndProject
Global
	GlobalSection(SolutionConfigurationPlatforms) = preSolution
		Debug|Any CPU = Debug|Any CPU
		Release|Any CPU = Release|Any CPU
	EndGlobalSection
	GlobalSection(ProjectConfigurationPlatforms) = postSolution
		{7829BAC4-FB84-4BC9-9A2A-6CBD525EC1C0}.Debug|Any CPU.ActiveCfg = Debug|Any CPU
		{7829BAC4-FB84-4BC9-9A2A-6CBD525EC1C0}.Debug|Any CPU.Build.0 = Debug|Any CPU
		{7829BAC4-FB84-4BC9-9A2A-6CBD525EC1C0}.Release|Any CPU.ActiveCfg = Release|Any CPU
		{7829BAC4-FB84-4BC9-9A2A-6CBD525EC1C0}.Release|Any CPU.Build.0 = Release|Any CPU
	EndGlobalSection
	GlobalSection(SolutionProperties) = preSolution
		HideSolutionNode = FALSE
	EndGlobalSection
	GlobalSection(ExtensibilityGlobals) = postSolution
		SolutionGuid = {4F9A25D0-4735-4E36-B75E-159CADB1F2F8}
	EndGlobalSection
EndGlobal
